Microsoft Visual Studio Solution File, Format Version 12.00
# Visual Studio Version 16
VisualStudioVersion = 16.0.30002.166
MinimumVisualStudioVersion = 10.0.40219.1
Project("{2150E333-8FDC-42A3-9474-1A3956D46DE8}") = "src", "src", "{87413F8E-DB0B-4E4A-B137-218539E3C7E4}"
EndProject
Project("{9A19103F-16F7-4668-BE54-9A1E7A4F7556}") = "LamiaSharp", "src\LamiaSharp\LamiaSharp.csproj", "{FE2C9253-A8E6-4D7A-8926-05C812052F16}"
EndProject
Global
	GlobalSection(SolutionConfigurationPlatforms) = preSolution
		Debug|Any CPU = Debug|Any CPU
		Release|Any CPU = Release|Any CPU
	EndGlobalSection
	GlobalSection(ProjectConfigurationPlatforms) = postSolution
		{FE2C9253-A8E6-4D7A-8926-05C812052F16}.Debug|Any CPU.ActiveCfg = Debug|Any CPU
		{FE2C9253-A8E6-4D7A-8926-05C812052F16}.Debug|Any CPU.Build.0 = Debug|Any CPU
		{FE2C9253-A8E6-4D7A-8926-05C812052F16}.Release|Any CPU.ActiveCfg = Release|Any CPU
		{FE2C9253-A8E6-4D7A-8926-05C812052F16}.Release|Any CPU.Build.0 = Release|Any CPU
	EndGlobalSection
	GlobalSection(SolutionProperties) = preSolution
		HideSolutionNode = FALSE
	EndGlobalSection
	GlobalSection(NestedProjects) = preSolution
		{FE2C9253-A8E6-4D7A-8926-05C812052F16} = {87413F8E-DB0B-4E4A-B137-218539E3C7E4}
	EndGlobalSection
	GlobalSection(ExtensibilityGlobals) = postSolution
		SolutionGuid = {44B735D9-66F1-4352-BA7F-21DEE61A7E45}
	EndGlobalSection
EndGlobal
